
Microsoft Visual Studio Solution File, Format Version 12.00
# Visual Studio Version 16
VisualStudioVersion = 16.0.31911.196
MinimumVisualStudioVersion = 10.0.40219.1
Project("{9A19103F-16F7-4668-BE54-9A1E7A4F7556}") = "Game Server", "Game Server.csproj", "{0463D757-7363-4579-8AC9-EF7272D32370}"
EndProject
Project("{2150E333-8FDC-42A3-9474-1A3956D46DE8}") = "Solution Items", "Solution Items", "{1F71FB7E-1473-416E-9152-5ED3543FB7D8}"
	ProjectSection(SolutionItems) = preProject
		BufferManager.cs = BufferManager.cs
		CListener.cs = CListener.cs
		CNetworkService.cs = CNetworkService.cs
		CUserToken.cs = CUserToken.cs
		SocketAsyncEventArgsPool.cs = SocketAsyncEventArgsPool.cs
	EndProjectSection
EndProject
Global
	GlobalSection(SolutionConfigurationPlatforms) = preSolution
		Debug|Any CPU = Debug|Any CPU
		Release|Any CPU = Release|Any CPU
	EndGlobalSection
	GlobalSection(ProjectConfigurationPlatforms) = postSolution
		{0463D757-7363-4579-8AC9-EF7272D32370}.Debug|Any CPU.ActiveCfg = Debug|Any CPU
		{0463D757-7363-4579-8AC9-EF7272D32370}.Debug|Any CPU.Build.0 = Debug|Any CPU
		{0463D757-7363-4579-8AC9-EF7272D32370}.Release|Any CPU.ActiveCfg = Release|Any CPU
		{0463D757-7363-4579-8AC9-EF7272D32370}.Release|Any CPU.Build.0 = Release|Any CPU
	EndGlobalSection
	GlobalSection(SolutionProperties) = preSolution
		HideSolutionNode = FALSE
	EndGlobalSection
	GlobalSection(ExtensibilityGlobals) = postSolution
		SolutionGuid = {EDBDD655-A507-421E-A8A7-D1022296E902}
	EndGlobalSection
EndGlobal
