
Microsoft Visual Studio Solution File, Format Version 12.00
# Visual Studio Version 16
VisualStudioVersion = 16.0.32413.511
MinimumVisualStudioVersion = 10.0.40219.1
Project("{9A19103F-16F7-4668-BE54-9A1E7A4F7556}") = "VirusWarGameServer", "VirusWarGameServer.csproj", "{76E30C95-D06F-408F-986D-D1CF56733A65}"
EndProject
Project("{FAE04EC0-301F-11D3-BF4B-00C04F79EFBC}") = "VirusWarGameTests", "..\VirusWarGameTests\VirusWarGameTests.csproj", "{CF1F821C-2C3A-4856-BABB-667969A9A3D4}"
EndProject
Global
	GlobalSection(SolutionConfigurationPlatforms) = preSolution
		Debug|Any CPU = Debug|Any CPU
		Release|Any CPU = Release|Any CPU
	EndGlobalSection
	GlobalSection(ProjectConfigurationPlatforms) = postSolution
		{76E30C95-D06F-408F-986D-D1CF56733A65}.Debug|Any CPU.ActiveCfg = Debug|Any CPU
		{76E30C95-D06F-408F-986D-D1CF56733A65}.Debug|Any CPU.Build.0 = Debug|Any CPU
		{76E30C95-D06F-408F-986D-D1CF56733A65}.Release|Any CPU.ActiveCfg = Release|Any CPU
		{76E30C95-D06F-408F-986D-D1CF56733A65}.Release|Any CPU.Build.0 = Release|Any CPU
		{CF1F821C-2C3A-4856-BABB-667969A9A3D4}.Debug|Any CPU.ActiveCfg = Debug|Any CPU
		{CF1F821C-2C3A-4856-BABB-667969A9A3D4}.Debug|Any CPU.Build.0 = Debug|Any CPU
		{CF1F821C-2C3A-4856-BABB-667969A9A3D4}.Release|Any CPU.ActiveCfg = Release|Any CPU
		{CF1F821C-2C3A-4856-BABB-667969A9A3D4}.Release|Any CPU.Build.0 = Release|Any CPU
	EndGlobalSection
	GlobalSection(SolutionProperties) = preSolution
		HideSolutionNode = FALSE
	EndGlobalSection
	GlobalSection(ExtensibilityGlobals) = postSolution
		SolutionGuid = {B5D7D414-58D2-4268-8D8F-F6D6EE944372}
	EndGlobalSection
EndGlobal
